{
  "nodes": {
    "home-manager": {
      "inputs": {
        "nixpkgs": [
          "nixpkgs"
        ]
      },
      "locked": {
        "lastModified": 1694465129,
        "narHash": "sha256-8BQiuobMrCfCbGM7w6Snx+OBYdtTIm0+cGVaKwQ5BFg=",
        "owner": "nix-community",
        "repo": "home-manager",
        "rev": "9787dffff5d315c9593d3f9fb0f9bf2097e1b57b",
        "type": "github"
      },
      "original": {
        "owner": "nix-community",
        "ref": "release-23.05",
        "repo": "home-manager",
        "type": "github"
      }
    },
    "nixos-hardware": {
      "locked": {
        "lastModified": 1695033975,
        "narHash": "sha256-GIUxbgLBhVyaKRxQw/NWYFLx7/jbKW3+U0HoSsMLPAs=",
        "owner": "NixOS",
        "repo": "nixos-hardware",
        "rev": "161b027169b19d3a0ad6bd0a8948edf0c0fb0f64",
        "type": "github"
      },
      "original": {
        "owner": "NixOS",
        "repo": "nixos-hardware",
        "type": "github"
      }
    },
    "nixpkgs": {
      "locked": {
        "lastModified": 1694937365,
        "narHash": "sha256-iHZSGrb9gVpZRR4B2ishUN/1LRKWtSHZNO37C8z1SmA=",
        "owner": "NixOS",
        "repo": "nixpkgs",
        "rev": "5d017a8822e0907fb96f7700a319f9fe2434de02",
        "type": "github"
      },
      "original": {
        "id": "nixpkgs",
        "ref": "nixos-23.05",
        "type": "indirect"
      }
    },
    "nixpkgs-unstable": {
      "locked": {
        "lastModified": 1694948089,
        "narHash": "sha256-d2B282GmQ9o8klc22/Rbbbj6r99EnELQpOQjWMyv0rU=",
        "owner": "NixOS",
        "repo": "nixpkgs",
        "rev": "5148520bfab61f99fd25fb9ff7bfbb50dad3c9db",
        "type": "github"
      },
      "original": {
        "id": "nixpkgs",
        "type": "indirect"
      }
    },
    "root": {
      "inputs": {
        "home-manager": "home-manager",
        "nixos-hardware": "nixos-hardware",
        "nixpkgs": "nixpkgs",
        "nixpkgs-unstable": "nixpkgs-unstable"
      }
    }
  },
  "root": "root",
  "version": 7
}
